// !$*UTF8*$!
{
	archiveVersion = 1;
	classes = {
	};
	objectVersion = 77;
	objects = {

/* Begin PBXContainerItemProxy section */
		3A6E00E32CC6BE2A00429010 /* PBXContainerItemProxy */ = {
			isa = PBXContainerItemProxy;
			containerPortal = 3A6E00C42CC6BE2900429010 /* Project object */;
			proxyType = 1;
			remoteGlobalIDString = 3A6E00CB2CC6BE2900429010;
			remoteInfo = CryptoCoinApp;
		};
		3A6E00ED2CC6BE2A00429010 /* PBXContainerItemProxy */ = {
			isa = PBXContainerItemProxy;
			containerPortal = 3A6E00C42CC6BE2900429010 /* Project object */;
			proxyType = 1;
			remoteGlobalIDString = 3A6E00CB2CC6BE2900429010;
			remoteInfo = CryptoCoinApp;
		};
/* End PBXContainerItemProxy section */

/* Begin PBXFileReference section */
		3A6E00CC2CC6BE2900429010 /* CryptoCoinApp.app */ = {isa = PBXFileReference; explicitFileType = wrapper.application; includeInIndex = 0; path = CryptoCoinApp.app; sourceTree = BUILT_PRODUCTS_DIR; };
		3A6E00E22CC6BE2A00429010 /* CryptoCoinAppTests.xctest */ = {isa = PBXFileReference; explicitFileType = wrapper.cfbundle; includeInIndex = 0; path = CryptoCoinAppTests.xctest; sourceTree = BUILT_PRODUCTS_DIR; };
		3A6E00EC2CC6BE2A00429010 /* CryptoCoinAppUITests.xctest */ = {isa = PBXFileReference; explicitFileType = wrapper.cfbundle; includeInIndex = 0; path = CryptoCoinAppUITests.xctest; sourceTree = BUILT_PRODUCTS_DIR; };
/* End PBXFileReference section */

/* Begin PBXFileSystemSynchronizedBuildFileExceptionSet section */
		3A6E00F42CC6BE2A00429010 /* Exceptions for "CryptoCoinApp" folder in "CryptoCoinApp" target */ = {
			isa = PBXFileSystemSynchronizedBuildFileExceptionSet;
			membershipExceptions = (
				Info.plist,
			);
			target = 3A6E00CB2CC6BE2900429010 /* CryptoCoinApp */;
		};
/* End PBXFileSystemSynchronizedBuildFileExceptionSet section */

/* Begin PBXFileSystemSynchronizedRootGroup section */
		3A6E00CE2CC6BE2900429010 /* CryptoCoinApp */ = {
			isa = PBXFileSystemSynchronizedRootGroup;
			exceptions = (
				3A6E00F42CC6BE2A00429010 /* Exceptions for "CryptoCoinApp" folder in "CryptoCoinApp" target */,
			);
			path = CryptoCoinApp;
			sourceTree = "<group>";
		};
		3A6E00E52CC6BE2A00429010 /* CryptoCoinAppTests */ = {
			isa = PBXFileSystemSynchronizedRootGroup;
			path = CryptoCoinAppTests;
			sourceTree = "<group>";
		};
		3A6E00EF2CC6BE2A00429010 /* CryptoCoinAppUITests */ = {
			isa = PBXFileSystemSynchronizedRootGroup;
			path = CryptoCoinAppUITests;
			sourceTree = "<group>";
		};
/* End PBXFileSystemSynchronizedRootGroup section */

/* Begin PBXFrameworksBuildPhase section */
		3A6E00C92CC6BE2900429010 /* Frameworks */ = {
			isa = PBXFrameworksBuildPhase;
			buildActionMask = 2147483647;
			files = (
			);
			runOnlyForDeploymentPostprocessing = 0;
		};
		3A6E00DF2CC6BE2A00429010 /* Frameworks */ = {
			isa = PBXFrameworksBuildPhase;
			buildActionMask = 2147483647;
			files = (
			);
			runOnlyForDeploymentPostprocessing = 0;
		};
		3A6E00E92CC6BE2A00429010 /* Frameworks */ = {
			isa = PBXFrameworksBuildPhase;
			buildActionMask = 2147483647;
			files = (
			);
			runOnlyForDeploymentPostprocessing = 0;
		};
/* End PBXFrameworksBuildPhase section */

/* Begin PBXGroup section */
		3A6E00C32CC6BE2900429010 = {
			isa = PBXGroup;
			children = (
				3A6E00CE2CC6BE2900429010 /* CryptoCoinApp */,
				3A6E00E52CC6BE2A00429010 /* CryptoCoinAppTests */,
				3A6E00EF2CC6BE2A00429010 /* CryptoCoinAppUITests */,
				3A6E00CD2CC6BE2900429010 /* Products */,
			);
			sourceTree = "<group>";
		};
		3A6E00CD2CC6BE2900429010 /* Products */ = {
			isa = PBXGroup;
			children = (
				3A6E00CC2CC6BE2900429010 /* CryptoCoinApp.app */,
				3A6E00E22CC6BE2A00429010 /* CryptoCoinAppTests.xctest */,
				3A6E00EC2CC6BE2A00429010 /* CryptoCoinAppUITests.xctest */,
			);
			name = Products;
			sourceTree = "<group>";
		};
/* End PBXGroup section */

/* Begin PBXNativeTarget section */
		3A6E00CB2CC6BE2900429010 /* CryptoCoinApp */ = {
			isa = PBXNativeTarget;
			buildConfigurationList = 3A6E00F52CC6BE2A00429010 /* Build configuration list for PBXNativeTarget "CryptoCoinApp" */;
			buildPhases = (
				3A6E00C82CC6BE2900429010 /* Sources */,
				3A6E00C92CC6BE2900429010 /* Frameworks */,
				3A6E00CA2CC6BE2900429010 /* Resources */,
			);
			buildRules = (
			);
			dependencies = (
			);
			fileSystemSynchronizedGroups = (
				3A6E00CE2CC6BE2900429010 /* CryptoCoinApp */,
			);
			name = CryptoCoinApp;
			packageProductDependencies = (
			);
			productName = CryptoCoinApp;
			productReference = 3A6E00CC2CC6BE2900429010 /* CryptoCoinApp.app */;
			productType = "com.apple.product-type.application";
		};
		3A6E00E12CC6BE2A00429010 /* CryptoCoinAppTests */ = {
			isa = PBXNativeTarget;
			buildConfigurationList = 3A6E00FA2CC6BE2A00429010 /* Build configuration list for PBXNativeTarget "CryptoCoinAppTests" */;
			buildPhases = (
				3A6E00DE2CC6BE2A00429010 /* Sources */,
				3A6E00DF2CC6BE2A00429010 /* Frameworks */,
				3A6E00E02CC6BE2A00429010 /* Resources */,
			);
			buildRules = (
			);
			dependencies = (
				3A6E00E42CC6BE2A00429010 /* PBXTargetDependency */,
			);
			fileSystemSynchronizedGroups = (
				3A6E00E52CC6BE2A00429010 /* CryptoCoinAppTests */,
			);
			name = CryptoCoinAppTests;
			packageProductDependencies = (
			);
			productName = CryptoCoinAppTests;
			productReference = 3A6E00E22CC6BE2A00429010 /* CryptoCoinAppTests.xctest */;
			productType = "com.apple.product-type.bundle.unit-test";
		};
		3A6E00EB2CC6BE2A00429010 /* CryptoCoinAppUITests */ = {
			isa = PBXNativeTarget;
			buildConfigurationList = 3A6E00FD2CC6BE2A00429010 /* Build configuration list for PBXNativeTarget "CryptoCoinAppUITests" */;
			buildPhases = (
				3A6E00E82CC6BE2A00429010 /* Sources */,
				3A6E00E92CC6BE2A00429010 /* Frameworks */,
				3A6E00EA2CC6BE2A00429010 /* Resources */,
			);
			buildRules = (
			);
			dependencies = (
				3A6E00EE2CC6BE2A00429010 /* PBXTargetDependency */,
			);
			fileSystemSynchronizedGroups = (
				3A6E00EF2CC6BE2A00429010 /* CryptoCoinAppUITests */,
			);
			name = CryptoCoinAppUITests;
			packageProductDependencies = (
			);
			productName = CryptoCoinAppUITests;
			productReference = 3A6E00EC2CC6BE2A00429010 /* CryptoCoinAppUITests.xctest */;
			productType = "com.apple.product-type.bundle.ui-testing";
		};
/* End PBXNativeTarget section */

/* Begin PBXProject section */
		3A6E00C42CC6BE2900429010 /* Project object */ = {
			isa = PBXProject;
			attributes = {
				BuildIndependentTargetsInParallel = 1;
				LastSwiftUpdateCheck = 1600;
				LastUpgradeCheck = 1600;
				TargetAttributes = {
					3A6E00CB2CC6BE2900429010 = {
						CreatedOnToolsVersion = 16.0;
					};
					3A6E00E12CC6BE2A00429010 = {
						CreatedOnToolsVersion = 16.0;
						TestTargetID = 3A6E00CB2CC6BE2900429010;
					};
					3A6E00EB2CC6BE2A00429010 = {
						CreatedOnToolsVersion = 16.0;
						TestTargetID = 3A6E00CB2CC6BE2900429010;
					};
				};
			};
			buildConfigurationList = 3A6E00C72CC6BE2900429010 /* Build configuration list for PBXProject "CryptoCoinApp" */;
			developmentRegion = en;
			hasScannedForEncodings = 0;
			knownRegions = (
				en,
				Base,
			);
			mainGroup = 3A6E00C32CC6BE2900429010;
			minimizedProjectReferenceProxies = 1;
			preferredProjectObjectVersion = 77;
			productRefGroup = 3A6E00CD2CC6BE2900429010 /* Products */;
			projectDirPath = "";
			projectRoot = "";
			targets = (
				3A6E00CB2CC6BE2900429010 /* CryptoCoinApp */,
				3A6E00E12CC6BE2A00429010 /* CryptoCoinAppTests */,
				3A6E00EB2CC6BE2A00429010 /* CryptoCoinAppUITests */,
			);
		};
/* End PBXProject section */

/* Begin PBXResourcesBuildPhase section */
		3A6E00CA2CC6BE2900429010 /* Resources */ = {
			isa = PBXResourcesBuildPhase;
			buildActionMask = 2147483647;
			files = (
			);
			runOnlyForDeploymentPostprocessing = 0;
		};
		3A6E00E02CC6BE2A00429010 /* Resources */ = {
			isa = PBXResourcesBuildPhase;
			buildActionMask = 2147483647;
			files = (
			);
			runOnlyForDeploymentPostprocessing = 0;
		};
		3A6E00EA2CC6BE2A00429010 /* Resources */ = {
			isa = PBXResourcesBuildPhase;
			buildActionMask = 2147483647;
			files = (
			);
			runOnlyForDeploymentPostprocessing = 0;
		};
/* End PBXResourcesBuildPhase section */

/* Begin PBXSourcesBuildPhase section */
		3A6E00C82CC6BE2900429010 /* Sources */ = {
			isa = PBXSourcesBuildPhase;
			buildActionMask = 2147483647;
			files = (
			);
			runOnlyForDeploymentPostprocessing = 0;
		};
		3A6E00DE2CC6BE2A00429010 /* Sources */ = {
			isa = PBXSourcesBuildPhase;
			buildActionMask = 2147483647;
			files = (
			);
			runOnlyForDeploymentPostprocessing = 0;
		};
		3A6E00E82CC6BE2A00429010 /* Sources */ = {
			isa = PBXSourcesBuildPhase;
			buildActionMask = 2147483647;
			files = (
			);
			runOnlyForDeploymentPostprocessing = 0;
		};
/* End PBXSourcesBuildPhase section */

/* Begin PBXTargetDependency section */
		3A6E00E42CC6BE2A00429010 /* PBXTargetDependency */ = {
			isa = PBXTargetDependency;
			target = 3A6E00CB2CC6BE2900429010 /* CryptoCoinApp */;
			targetProxy = 3A6E00E32CC6BE2A00429010 /* PBXContainerItemProxy */;
		};
		3A6E00EE2CC6BE2A00429010 /* PBXTargetDependency */ = {
			isa = PBXTargetDependency;
			target = 3A6E00CB2CC6BE2900429010 /* CryptoCoinApp */;
			targetProxy = 3A6E00ED2CC6BE2A00429010 /* PBXContainerItemProxy */;
		};
/* End PBXTargetDependency section */

/* Begin XCBuildConfiguration section */
		3A6E00F62CC6BE2A00429010 /* Debug */ = {
			isa = XCBuildConfiguration;
			buildSettings = {
				ASSETCATALOG_COMPILER_APPICON_NAME = AppIcon;
				ASSETCATALOG_COMPILER_GLOBAL_ACCENT_COLOR_NAME = AccentColor;
				CODE_SIGN_STYLE = Automatic;
				CURRENT_PROJECT_VERSION = 1;
				DEVELOPMENT_TEAM = 85BV9M56VC;
				GENERATE_INFOPLIST_FILE = YES;
				INFOPLIST_FILE = CryptoCoinApp/Info.plist;
				INFOPLIST_KEY_UIApplicationSupportsIndirectInputEvents = YES;
				INFOPLIST_KEY_UILaunchStoryboardName = LaunchScreen;
				INFOPLIST_KEY_UIMainStoryboardFile = Main;
				INFOPLIST_KEY_UISupportedInterfaceOrientations_iPad = "UIInterfaceOrientationPortrait UIInterfaceOrientationPortraitUpsideDown UIInterfaceOrientationLandscapeLeft UIInterfaceOrientationLandscapeRight";
				INFOPLIST_KEY_UISupportedInterfaceOrientations_iPhone = "UIInterfaceOrientationPortrait UIInterfaceOrientationLandscapeLeft UIInterfaceOrientationLandscapeRight";
				LD_RUNPATH_SEARCH_PATHS = (
					"$(inherited)",
					"@executable_path/Frameworks",
				);
				MARKETING_VERSION = 1.0;
				PRODUCT_BUNDLE_IDENTIFIER = CryptoCoinApp.testt.CryptoCoinApp;
				PRODUCT_NAME = "$(TARGET_NAME)";
				SWIFT_EMIT_LOC_STRINGS = YES;
				SWIFT_VERSION = 5.0;
				TARGETED_DEVICE_FAMILY = "1,2";
			};
			name = Debug;
		};
		3A6E00F72CC6BE2A00429010 /* Release */ = {
			isa = XCBuildConfiguration;
			buildSettings = {
				ASSETCATALOG_COMPILER_APPICON_NAME = AppIcon;
				ASSETCATALOG_COMPILER_GLOBAL_ACCENT_COLOR_NAME = AccentColor;
				CODE_SIGN_STYLE = Automatic;
				CURRENT_PROJECT_VERSION = 1;
				DEVELOPMENT_TEAM = 85BV9M56VC;
				GENERATE_INFOPLIST_FILE = YES;
				INFOPLIST_FILE = CryptoCoinApp/Info.plist;
				INFOPLIST_KEY_UIApplicationSupportsIndirectInputEvents = YES;
				INFOPLIST_KEY_UILaunchStoryboardName = LaunchScreen;
				INFOPLIST_KEY_UIMainStoryboardFile = Main;
				INFOPLIST_KEY_UISupportedInterfaceOrientations_iPad = "UIInterfaceOrientationPortrait UIInterfaceOrientationPortraitUpsideDown UIInterfaceOrientationLandscapeLeft UIInterfaceOrientationLandscapeRight";
				INFOPLIST_KEY_UISupportedInterfaceOrientations_iPhone = "UIInterfaceOrientationPortrait UIInterfaceOrientationLandscapeLeft UIInterfaceOrientationLandscapeRight";
				LD_RUNPATH_SEARCH_PATHS = (
					"$(inherited)",
					"@executable_path/Frameworks",
				);
				MARKETING_VERSION = 1.0;
				PRODUCT_BUNDLE_IDENTIFIER = CryptoCoinApp.testt.CryptoCoinApp;
				PRODUCT_NAME = "$(TARGET_NAME)";
				SWIFT_EMIT_LOC_STRINGS = YES;
				SWIFT_VERSION = 5.0;
				TARGETED_DEVICE_FAMILY = "1,2";
			};
			name = Release;
		};
		3A6E00F82CC6BE2A00429010 /* Debug */ = {
			isa = XCBuildConfiguration;
			buildSettings = {
				ALWAYS_SEARCH_USER_PATHS = NO;
				ASSETCATALOG_COMPILER_GENERATE_SWIFT_ASSET_SYMBOL_EXTENSIONS = YES;
				CLANG_ANALYZER_NONNULL = YES;
				CLANG_ANALYZER_NUMBER_OBJECT_CONVERSION = YES_AGGRESSIVE;
				CLANG_CXX_LANGUAGE_STANDARD = "gnu++20";
				CLANG_ENABLE_MODULES = YES;
				CLANG_ENABLE_OBJC_ARC = YES;
				CLANG_ENABLE_OBJC_WEAK = YES;
				CLANG_WARN_BLOCK_CAPTURE_AUTORELEASING = YES;
				CLANG_WARN_BOOL_CONVERSION = YES;
				CLANG_WARN_COMMA = YES;
				CLANG_WARN_CONSTANT_CONVERSION = YES;
				CLANG_WARN_DEPRECATED_OBJC_IMPLEMENTATIONS = YES;
				CLANG_WARN_DIRECT_OBJC_ISA_USAGE = YES_ERROR;
				CLANG_WARN_DOCUMENTATION_COMMENTS = YES;
				CLANG_WARN_EMPTY_BODY = YES;
				CLANG_WARN_ENUM_CONVERSION = YES;
				CLANG_WARN_INFINITE_RECURSION = YES;
				CLANG_WARN_INT_CONVERSION = YES;
				CLANG_WARN_NON_LITERAL_NULL_CONVERSION = YES;
				CLANG_WARN_OBJC_IMPLICIT_RETAIN_SELF = YES;
				CLANG_WARN_OBJC_LITERAL_CONVERSION = YES;
				CLANG_WARN_OBJC_ROOT_CLASS = YES_ERROR;
				CLANG_WARN_QUOTED_INCLUDE_IN_FRAMEWORK_HEADER = YES;
				CLANG_WARN_RANGE_LOOP_ANALYSIS = YES;
				CLANG_WARN_STRICT_PROTOTYPES = YES;
				CLANG_WARN_SUSPICIOUS_MOVE = YES;
				CLANG_WARN_UNGUARDED_AVAILABILITY = YES_AGGRESSIVE;
				CLANG_WARN_UNREACHABLE_CODE = YES;
				CLANG_WARN__DUPLICATE_METHOD_MATCH = YES;
				COPY_PHASE_STRIP = NO;
				DEBUG_INFORMATION_FORMAT = dwarf;
				ENABLE_STRICT_OBJC_MSGSEND = YES;
				ENABLE_TESTABILITY = YES;
				ENABLE_USER_SCRIPT_SANDBOXING = YES;
				GCC_C_LANGUAGE_STANDARD = gnu17;
				GCC_DYNAMIC_NO_PIC = NO;
				GCC_NO_COMMON_BLOCKS = YES;
				GCC_OPTIMIZATION_LEVEL = 0;
				GCC_PREPROCESSOR_DEFINITIONS = (
					"DEBUG=1",
					"$(inherited)",
				);
				GCC_WARN_64_TO_32_BIT_CONVERSION = YES;
				GCC_WARN_ABOUT_RETURN_TYPE = YES_ERROR;
				GCC_WARN_UNDECLARED_SELECTOR = YES;
				GCC_WARN_UNINITIALIZED_AUTOS = YES_AGGRESSIVE;
				GCC_WARN_UNUSED_FUNCTION = YES;
				GCC_WARN_UNUSED_VARIABLE = YES;
				IPHONEOS_DEPLOYMENT_TARGET = 18.0;
				LOCALIZATION_PREFERS_STRING_CATALOGS = YES;
				MTL_ENABLE_DEBUG_INFO = INCLUDE_SOURCE;
				MTL_FAST_MATH = YES;
				ONLY_ACTIVE_ARCH = YES;
				SDKROOT = iphoneos;
				SWIFT_ACTIVE_COMPILATION_CONDITIONS = "DEBUG $(inherited)";
				SWIFT_OPTIMIZATION_LEVEL = "-Onone";
			};
			name = Debug;
		};
		3A6E00F92CC6BE2A00429010 /* Release */ = {
			isa = XCBuildConfiguration;
			buildSettings = {
				ALWAYS_SEARCH_USER_PATHS = NO;
				ASSETCATALOG_COMPILER_GENERATE_SWIFT_ASSET_SYMBOL_EXTENSIONS = YES;
				CLANG_ANALYZER_NONNULL = YES;
				CLANG_ANALYZER_NUMBER_OBJECT_CONVERSION = YES_AGGRESSIVE;
				CLANG_CXX_LANGUAGE_STANDARD = "gnu++20";
				CLANG_ENABLE_MODULES = YES;
				CLANG_ENABLE_OBJC_ARC = YES;
				CLANG_ENABLE_OBJC_WEAK = YES;
				CLANG_WARN_BLOCK_CAPTURE_AUTORELEASING = YES;
				CLANG_WARN_BOOL_CONVERSION = YES;
				CLANG_WARN_COMMA = YES;
				CLANG_WARN_CONSTANT_CONVERSION = YES;
				CLANG_WARN_DEPRECATED_OBJC_IMPLEMENTATIONS = YES;
				CLANG_WARN_DIRECT_OBJC_ISA_USAGE = YES_ERROR;
				CLANG_WARN_DOCUMENTATION_COMMENTS = YES;
				CLANG_WARN_EMPTY_BODY = YES;
				CLANG_WARN_ENUM_CONVERSION = YES;
				CLANG_WARN_INFINITE_RECURSION = YES;
				CLANG_WARN_INT_CONVERSION = YES;
				CLANG_WARN_NON_LITERAL_NULL_CONVERSION = YES;
				CLANG_WARN_OBJC_IMPLICIT_RETAIN_SELF = YES;
				CLANG_WARN_OBJC_LITERAL_CONVERSION = YES;
				CLANG_WARN_OBJC_ROOT_CLASS = YES_ERROR;
				CLANG_WARN_QUOTED_INCLUDE_IN_FRAMEWORK_HEADER = YES;
				CLANG_WARN_RANGE_LOOP_ANALYSIS = YES;
				CLANG_WARN_STRICT_PROTOTYPES = YES;
				CLANG_WARN_SUSPICIOUS_MOVE = YES;
				CLANG_WARN_UNGUARDED_AVAILABILITY = YES_AGGRESSIVE;
				CLANG_WARN_UNREACHABLE_CODE = YES;
				CLANG_WARN__DUPLICATE_METHOD_MATCH = YES;
				COPY_PHASE_STRIP = NO;
				DEBUG_INFORMATION_FORMAT = "dwarf-with-dsym";
				ENABLE_NS_ASSERTIONS = NO;
				ENABLE_STRICT_OBJC_MSGSEND = YES;
				ENABLE_USER_SCRIPT_SANDBOXING = YES;
				GCC_C_LANGUAGE_STANDARD = gnu17;
				GCC_NO_COMMON_BLOCKS = YES;
				GCC_WARN_64_TO_32_BIT_CONVERSION = YES;
				GCC_WARN_ABOUT_RETURN_TYPE = YES_ERROR;
				GCC_WARN_UNDECLARED_SELECTOR = YES;
				GCC_WARN_UNINITIALIZED_AUTOS = YES_AGGRESSIVE;
				GCC_WARN_UNUSED_FUNCTION = YES;
				GCC_WARN_UNUSED_VARIABLE = YES;
				IPHONEOS_DEPLOYMENT_TARGET = 18.0;
				LOCALIZATION_PREFERS_STRING_CATALOGS = YES;
				MTL_ENABLE_DEBUG_INFO = NO;
				MTL_FAST_MATH = YES;
				SDKROOT = iphoneos;
				SWIFT_COMPILATION_MODE = wholemodule;
				VALIDATE_PRODUCT = YES;
			};
			name = Release;
		};
		3A6E00FB2CC6BE2A00429010 /* Debug */ = {
			isa = XCBuildConfiguration;
			buildSettings = {
				BUNDLE_LOADER = "$(TEST_HOST)";
				CODE_SIGN_STYLE = Automatic;
				CURRENT_PROJECT_VERSION = 1;
				DEVELOPMENT_TEAM = 85BV9M56VC;
				GENERATE_INFOPLIST_FILE = YES;
				IPHONEOS_DEPLOYMENT_TARGET = 18.0;
				MARKETING_VERSION = 1.0;
				PRODUCT_BUNDLE_IDENTIFIER = CryptoCoinApp.testt.CryptoCoinAppTests;
				PRODUCT_NAME = "$(TARGET_NAME)";
				SWIFT_EMIT_LOC_STRINGS = NO;
				SWIFT_VERSION = 5.0;
				TARGETED_DEVICE_FAMILY = "1,2";
				TEST_HOST = "$(BUILT_PRODUCTS_DIR)/CryptoCoinApp.app/$(BUNDLE_EXECUTABLE_FOLDER_PATH)/CryptoCoinApp";
			};
			name = Debug;
		};
		3A6E00FC2CC6BE2A00429010 /* Release */ = {
			isa = XCBuildConfiguration;
			buildSettings = {
				BUNDLE_LOADER = "$(TEST_HOST)";
				CODE_SIGN_STYLE = Automatic;
				CURRENT_PROJECT_VERSION = 1;
				DEVELOPMENT_TEAM = 85BV9M56VC;
				GENERATE_INFOPLIST_FILE = YES;
				IPHONEOS_DEPLOYMENT_TARGET = 18.0;
				MARKETING_VERSION = 1.0;
				PRODUCT_BUNDLE_IDENTIFIER = CryptoCoinApp.testt.CryptoCoinAppTests;
				PRODUCT_NAME = "$(TARGET_NAME)";
				SWIFT_EMIT_LOC_STRINGS = NO;
				SWIFT_VERSION = 5.0;
				TARGETED_DEVICE_FAMILY = "1,2";
				TEST_HOST = "$(BUILT_PRODUCTS_DIR)/CryptoCoinApp.app/$(BUNDLE_EXECUTABLE_FOLDER_PATH)/CryptoCoinApp";
			};
			name = Release;
		};
		3A6E00FE2CC6BE2A00429010 /* Debug */ = {
			isa = XCBuildConfiguration;
			buildSettings = {
				CODE_SIGN_STYLE = Automatic;
				CURRENT_PROJECT_VERSION = 1;
				DEVELOPMENT_TEAM = 85BV9M56VC;
				GENERATE_INFOPLIST_FILE = YES;
				MARKETING_VERSION = 1.0;
				PRODUCT_BUNDLE_IDENTIFIER = CryptoCoinApp.testt.CryptoCoinAppUITests;
				PRODUCT_NAME = "$(TARGET_NAME)";
				SWIFT_EMIT_LOC_STRINGS = NO;
				SWIFT_VERSION = 5.0;
				TARGETED_DEVICE_FAMILY = "1,2";
				TEST_TARGET_NAME = CryptoCoinApp;
			};
			name = Debug;
		};
		3A6E00FF2CC6BE2A00429010 /* Release */ = {
			isa = XCBuildConfiguration;
			buildSettings = {
				CODE_SIGN_STYLE = Automatic;
				CURRENT_PROJECT_VERSION = 1;
				DEVELOPMENT_TEAM = 85BV9M56VC;
				GENERATE_INFOPLIST_FILE = YES;
				MARKETING_VERSION = 1.0;
				PRODUCT_BUNDLE_IDENTIFIER = CryptoCoinApp.testt.CryptoCoinAppUITests;
				PRODUCT_NAME = "$(TARGET_NAME)";
				SWIFT_EMIT_LOC_STRINGS = NO;
				SWIFT_VERSION = 5.0;
				TARGETED_DEVICE_FAMILY = "1,2";
				TEST_TARGET_NAME = CryptoCoinApp;
			};
			name = Release;
		};
/* End XCBuildConfiguration section */

/* Begin XCConfigurationList section */
		3A6E00C72CC6BE2900429010 /* Build configuration list for PBXProject "CryptoCoinApp" */ = {
			isa = XCConfigurationList;
			buildConfigurations = (
				3A6E00F82CC6BE2A00429010 /* Debug */,
				3A6E00F92CC6BE2A00429010 /* Release */,
			);
			defaultConfigurationIsVisible = 0;
			defaultConfigurationName = Release;
		};
		3A6E00F52CC6BE2A00429010 /* Build configuration list for PBXNativeTarget "CryptoCoinApp" */ = {
			isa = XCConfigurationList;
			buildConfigurations = (
				3A6E00F62CC6BE2A00429010 /* Debug */,
				3A6E00F72CC6BE2A00429010 /* Release */,
			);
			defaultConfigurationIsVisible = 0;
			defaultConfigurationName = Release;
		};
		3A6E00FA2CC6BE2A00429010 /* Build configuration list for PBXNativeTarget "CryptoCoinAppTests" */ = {
			isa = XCConfigurationList;
			buildConfigurations = (
				3A6E00FB2CC6BE2A00429010 /* Debug */,
				3A6E00FC2CC6BE2A00429010 /* Release */,
			);
			defaultConfigurationIsVisible = 0;
			defaultConfigurationName = Release;
		};
		3A6E00FD2CC6BE2A00429010 /* Build configuration list for PBXNativeTarget "CryptoCoinAppUITests" */ = {
			isa = XCConfigurationList;
			buildConfigurations = (
				3A6E00FE2CC6BE2A00429010 /* Debug */,
				3A6E00FF2CC6BE2A00429010 /* Release */,
			);
			defaultConfigurationIsVisible = 0;
			defaultConfigurationName = Release;
		};
/* End XCConfigurationList section */
	};
	rootObject = 3A6E00C42CC6BE2900429010 /* Project object */;
}
